
Microsoft Visual Studio Solution File, Format Version 12.00
# Visual Studio Version 17
VisualStudioVersion = 17.6.33829.357
MinimumVisualStudioVersion = 10.0.40219.1
Project("{2150E333-8FDC-42A3-9474-1A3956D46DE8}") = "Contrib", "Contrib", "{186805D3-9F6C-4B74-8BBD-504553AFEE41}"
EndProject
Project("{9A19103F-16F7-4668-BE54-9A1E7A4F7556}") = "TextItem.Api", "Contrib\TextItem.Api\TextItem.Api.csproj", "{5B65E471-A3CB-41A3-9E18-2A0B4BBC9739}"
EndProject
Project("{E53339B2-1760-4266-BCC7-CA923CBCF16C}") = "docker-compose", "docker-compose.dcproj", "{183BD4E5-5887-47BB-8D8B-926B72FC5BB3}"
EndProject
Project("{2150E333-8FDC-42A3-9474-1A3956D46DE8}") = "dapr", "dapr", "{F4E711AB-4113-48D0-B207-18C8EE0EE4C3}"
EndProject
Project("{2150E333-8FDC-42A3-9474-1A3956D46DE8}") = "components", "components", "{6757B5D7-8028-4CDD-A66F-DE83111D3A45}"
	ProjectSection(SolutionItems) = preProject
		dapr\components\recall-secretstore.yaml = dapr\components\recall-secretstore.yaml
		dapr\components\recall-secrets.json = dapr\components\recall-secrets.json
		dapr\components\recall-pubsub.yaml = dapr\components\recall-pubsub.yaml
	EndProjectSection
EndProject
Project("{2150E333-8FDC-42A3-9474-1A3956D46DE8}") = "configuration", "configuration", "{9CBBC384-2497-43B9-8963-85D6260DC325}"
	ProjectSection(SolutionItems) = preProject
		dapr\configuration\recall-configuration.yaml = dapr\configuration\recall-configuration.yaml
	EndProjectSection
EndProject
Project("{2150E333-8FDC-42A3-9474-1A3956D46DE8}") = "Infrastructure", "Infrastructure", "{5CF7A75F-5776-4C31-B699-C96CD88446AD}"
	ProjectSection(SolutionItems) = preProject
		Infrastructure\envoy.yaml = Infrastructure\envoy.yaml
	EndProjectSection
EndProject
Project("{FAE04EC0-301F-11D3-BF4B-00C04F79EFBC}") = "Infrastructure.Api", "Infrastructure\Infrastructure.Api\Infrastructure.Api.csproj", "{42CBDC8A-4DA4-4605-8D14-15668016D06B}"
EndProject
Project("{FAE04EC0-301F-11D3-BF4B-00C04F79EFBC}") = "ServiceStatus", "Infrastructure\ServiceStatus\ServiceStatus.csproj", "{C90E87FE-0742-4DCD-BBAD-D316B9289840}"
EndProject
Project("{FAE04EC0-301F-11D3-BF4B-00C04F79EFBC}") = "Ddd.Domain", "Infrastructure\Ddd.Domain\Ddd.Domain.csproj", "{5CF86FB4-37CA-44C0-85DA-DD92A282DC65}"
EndProject
Project("{2150E333-8FDC-42A3-9474-1A3956D46DE8}") = "Core", "Core", "{F15C90C9-13F7-4103-B5D0-C1EC50E8D871}"
EndProject
Project("{2150E333-8FDC-42A3-9474-1A3956D46DE8}") = "List", "List", "{FB383D69-D22D-4E2A-9DFE-B027F78B902C}"
EndProject
Project("{FAE04EC0-301F-11D3-BF4B-00C04F79EFBC}") = "List.Domain", "Core\List\List.Domain\List.Domain.csproj", "{2B131CC0-0469-4264-B8C8-4C54E1E01AEF}"
EndProject
Project("{FAE04EC0-301F-11D3-BF4B-00C04F79EFBC}") = "Ddd.Infrastructure", "Infrastructure\Ddd.Infrastructure\Ddd.Infrastructure.csproj", "{E40E700E-C1F8-4251-8738-1992FE4A6080}"
EndProject
Project("{FAE04EC0-301F-11D3-BF4B-00C04F79EFBC}") = "List.Infrastructure", "Core\List\List.Infrastructure\List.Infrastructure.csproj", "{91104D3F-F37C-4861-A1ED-23927A4A551E}"
EndProject
Project("{FAE04EC0-301F-11D3-BF4B-00C04F79EFBC}") = "List.Api", "Core\List\List.Api\List.Api.csproj", "{F521C402-75CA-480E-88F3-F2528BCDE150}"
EndProject
Project("{FAE04EC0-301F-11D3-BF4B-00C04F79EFBC}") = "EventBus", "Infrastructure\EventBus\EventBus.csproj", "{81134400-2702-4AD3-BE22-20E791D72A1D}"
EndProject
Project("{FAE04EC0-301F-11D3-BF4B-00C04F79EFBC}") = "IntegrationEventLog", "Infrastructure\IntegrationEventLog\IntegrationEventLog.csproj", "{45A1B15F-5E1A-48E4-9942-A00F2ECF6D72}"
EndProject
Project("{FAE04EC0-301F-11D3-BF4B-00C04F79EFBC}") = "Identity.Api", "Infrastructure\Identity.Api\Identity.Api.csproj", "{848F1F3E-661B-41FA-ABF0-8CB9935E0F50}"
EndProject
Project("{FAE04EC0-301F-11D3-BF4B-00C04F79EFBC}") = "MaskedTextItem.Api", "Contrib\MaskedTextItem.Api\MaskedTextItem.Api.csproj", "{C7042CAE-FAA6-427A-98C9-0D7E5FCA4C6B}"
EndProject
Global
	GlobalSection(SolutionConfigurationPlatforms) = preSolution
		Debug|Any CPU = Debug|Any CPU
		Release|Any CPU = Release|Any CPU
	EndGlobalSection
	GlobalSection(ProjectConfigurationPlatforms) = postSolution
		{5B65E471-A3CB-41A3-9E18-2A0B4BBC9739}.Debug|Any CPU.ActiveCfg = Debug|Any CPU
		{5B65E471-A3CB-41A3-9E18-2A0B4BBC9739}.Debug|Any CPU.Build.0 = Debug|Any CPU
		{5B65E471-A3CB-41A3-9E18-2A0B4BBC9739}.Release|Any CPU.ActiveCfg = Release|Any CPU
		{5B65E471-A3CB-41A3-9E18-2A0B4BBC9739}.Release|Any CPU.Build.0 = Release|Any CPU
		{183BD4E5-5887-47BB-8D8B-926B72FC5BB3}.Debug|Any CPU.ActiveCfg = Debug|Any CPU
		{183BD4E5-5887-47BB-8D8B-926B72FC5BB3}.Debug|Any CPU.Build.0 = Debug|Any CPU
		{183BD4E5-5887-47BB-8D8B-926B72FC5BB3}.Release|Any CPU.ActiveCfg = Release|Any CPU
		{183BD4E5-5887-47BB-8D8B-926B72FC5BB3}.Release|Any CPU.Build.0 = Release|Any CPU
		{42CBDC8A-4DA4-4605-8D14-15668016D06B}.Debug|Any CPU.ActiveCfg = Debug|Any CPU
		{42CBDC8A-4DA4-4605-8D14-15668016D06B}.Debug|Any CPU.Build.0 = Debug|Any CPU
		{42CBDC8A-4DA4-4605-8D14-15668016D06B}.Release|Any CPU.ActiveCfg = Release|Any CPU
		{42CBDC8A-4DA4-4605-8D14-15668016D06B}.Release|Any CPU.Build.0 = Release|Any CPU
		{C90E87FE-0742-4DCD-BBAD-D316B9289840}.Debug|Any CPU.ActiveCfg = Debug|Any CPU
		{C90E87FE-0742-4DCD-BBAD-D316B9289840}.Debug|Any CPU.Build.0 = Debug|Any CPU
		{C90E87FE-0742-4DCD-BBAD-D316B9289840}.Release|Any CPU.ActiveCfg = Release|Any CPU
		{C90E87FE-0742-4DCD-BBAD-D316B9289840}.Release|Any CPU.Build.0 = Release|Any CPU
		{5CF86FB4-37CA-44C0-85DA-DD92A282DC65}.Debug|Any CPU.ActiveCfg = Debug|Any CPU
		{5CF86FB4-37CA-44C0-85DA-DD92A282DC65}.Debug|Any CPU.Build.0 = Debug|Any CPU
		{5CF86FB4-37CA-44C0-85DA-DD92A282DC65}.Release|Any CPU.ActiveCfg = Release|Any CPU
		{5CF86FB4-37CA-44C0-85DA-DD92A282DC65}.Release|Any CPU.Build.0 = Release|Any CPU
		{2B131CC0-0469-4264-B8C8-4C54E1E01AEF}.Debug|Any CPU.ActiveCfg = Debug|Any CPU
		{2B131CC0-0469-4264-B8C8-4C54E1E01AEF}.Debug|Any CPU.Build.0 = Debug|Any CPU
		{2B131CC0-0469-4264-B8C8-4C54E1E01AEF}.Release|Any CPU.ActiveCfg = Release|Any CPU
		{2B131CC0-0469-4264-B8C8-4C54E1E01AEF}.Release|Any CPU.Build.0 = Release|Any CPU
		{E40E700E-C1F8-4251-8738-1992FE4A6080}.Debug|Any CPU.ActiveCfg = Debug|Any CPU
		{E40E700E-C1F8-4251-8738-1992FE4A6080}.Debug|Any CPU.Build.0 = Debug|Any CPU
		{E40E700E-C1F8-4251-8738-1992FE4A6080}.Release|Any CPU.ActiveCfg = Release|Any CPU
		{E40E700E-C1F8-4251-8738-1992FE4A6080}.Release|Any CPU.Build.0 = Release|Any CPU
		{91104D3F-F37C-4861-A1ED-23927A4A551E}.Debug|Any CPU.ActiveCfg = Debug|Any CPU
		{91104D3F-F37C-4861-A1ED-23927A4A551E}.Debug|Any CPU.Build.0 = Debug|Any CPU
		{91104D3F-F37C-4861-A1ED-23927A4A551E}.Release|Any CPU.ActiveCfg = Release|Any CPU
		{91104D3F-F37C-4861-A1ED-23927A4A551E}.Release|Any CPU.Build.0 = Release|Any CPU
		{F521C402-75CA-480E-88F3-F2528BCDE150}.Debug|Any CPU.ActiveCfg = Debug|Any CPU
		{F521C402-75CA-480E-88F3-F2528BCDE150}.Debug|Any CPU.Build.0 = Debug|Any CPU
		{F521C402-75CA-480E-88F3-F2528BCDE150}.Release|Any CPU.ActiveCfg = Release|Any CPU
		{F521C402-75CA-480E-88F3-F2528BCDE150}.Release|Any CPU.Build.0 = Release|Any CPU
		{81134400-2702-4AD3-BE22-20E791D72A1D}.Debug|Any CPU.ActiveCfg = Debug|Any CPU
		{81134400-2702-4AD3-BE22-20E791D72A1D}.Debug|Any CPU.Build.0 = Debug|Any CPU
		{81134400-2702-4AD3-BE22-20E791D72A1D}.Release|Any CPU.ActiveCfg = Release|Any CPU
		{81134400-2702-4AD3-BE22-20E791D72A1D}.Release|Any CPU.Build.0 = Release|Any CPU
		{45A1B15F-5E1A-48E4-9942-A00F2ECF6D72}.Debug|Any CPU.ActiveCfg = Debug|Any CPU
		{45A1B15F-5E1A-48E4-9942-A00F2ECF6D72}.Debug|Any CPU.Build.0 = Debug|Any CPU
		{45A1B15F-5E1A-48E4-9942-A00F2ECF6D72}.Release|Any CPU.ActiveCfg = Release|Any CPU
		{45A1B15F-5E1A-48E4-9942-A00F2ECF6D72}.Release|Any CPU.Build.0 = Release|Any CPU
		{848F1F3E-661B-41FA-ABF0-8CB9935E0F50}.Debug|Any CPU.ActiveCfg = Debug|Any CPU
		{848F1F3E-661B-41FA-ABF0-8CB9935E0F50}.Debug|Any CPU.Build.0 = Debug|Any CPU
		{848F1F3E-661B-41FA-ABF0-8CB9935E0F50}.Release|Any CPU.ActiveCfg = Release|Any CPU
		{848F1F3E-661B-41FA-ABF0-8CB9935E0F50}.Release|Any CPU.Build.0 = Release|Any CPU
		{C7042CAE-FAA6-427A-98C9-0D7E5FCA4C6B}.Debug|Any CPU.ActiveCfg = Debug|Any CPU
		{C7042CAE-FAA6-427A-98C9-0D7E5FCA4C6B}.Debug|Any CPU.Build.0 = Debug|Any CPU
		{C7042CAE-FAA6-427A-98C9-0D7E5FCA4C6B}.Release|Any CPU.ActiveCfg = Release|Any CPU
		{C7042CAE-FAA6-427A-98C9-0D7E5FCA4C6B}.Release|Any CPU.Build.0 = Release|Any CPU
	EndGlobalSection
	GlobalSection(SolutionProperties) = preSolution
		HideSolutionNode = FALSE
	EndGlobalSection
	GlobalSection(NestedProjects) = preSolution
		{5B65E471-A3CB-41A3-9E18-2A0B4BBC9739} = {186805D3-9F6C-4B74-8BBD-504553AFEE41}
		{6757B5D7-8028-4CDD-A66F-DE83111D3A45} = {F4E711AB-4113-48D0-B207-18C8EE0EE4C3}
		{9CBBC384-2497-43B9-8963-85D6260DC325} = {F4E711AB-4113-48D0-B207-18C8EE0EE4C3}
		{42CBDC8A-4DA4-4605-8D14-15668016D06B} = {5CF7A75F-5776-4C31-B699-C96CD88446AD}
		{C90E87FE-0742-4DCD-BBAD-D316B9289840} = {5CF7A75F-5776-4C31-B699-C96CD88446AD}
		{5CF86FB4-37CA-44C0-85DA-DD92A282DC65} = {5CF7A75F-5776-4C31-B699-C96CD88446AD}
		{FB383D69-D22D-4E2A-9DFE-B027F78B902C} = {F15C90C9-13F7-4103-B5D0-C1EC50E8D871}
		{2B131CC0-0469-4264-B8C8-4C54E1E01AEF} = {FB383D69-D22D-4E2A-9DFE-B027F78B902C}
		{E40E700E-C1F8-4251-8738-1992FE4A6080} = {5CF7A75F-5776-4C31-B699-C96CD88446AD}
		{91104D3F-F37C-4861-A1ED-23927A4A551E} = {FB383D69-D22D-4E2A-9DFE-B027F78B902C}
		{F521C402-75CA-480E-88F3-F2528BCDE150} = {FB383D69-D22D-4E2A-9DFE-B027F78B902C}
		{81134400-2702-4AD3-BE22-20E791D72A1D} = {5CF7A75F-5776-4C31-B699-C96CD88446AD}
		{45A1B15F-5E1A-48E4-9942-A00F2ECF6D72} = {5CF7A75F-5776-4C31-B699-C96CD88446AD}
		{848F1F3E-661B-41FA-ABF0-8CB9935E0F50} = {5CF7A75F-5776-4C31-B699-C96CD88446AD}
		{C7042CAE-FAA6-427A-98C9-0D7E5FCA4C6B} = {186805D3-9F6C-4B74-8BBD-504553AFEE41}
	EndGlobalSection
	GlobalSection(ExtensibilityGlobals) = postSolution
		SolutionGuid = {31DC5870-910A-4889-9A6C-88D30C14D25A}
	EndGlobalSection
EndGlobal
